
Microsoft Visual Studio Solution File, Format Version 12.00
# Visual Studio 2012
Project("{FAE04EC0-301F-11D3-BF4B-00C04F79EFBC}") = "Tu_ren_luyen_trac_nghiem", "Tu Ren Luyen Trac Nghiem\Tu_ren_luyen_trac_nghiem.csproj", "{7EAB4E77-7928-4124-9919-77F2D95F4787}"
EndProject
Project("{FAE04EC0-301F-11D3-BF4B-00C04F79EFBC}") = "Bien_soan_cau_hoi", "Bien_soan_cau_hoi\Bien_soan_cau_hoi.csproj", "{49051B3D-B501-4517-8315-1FEA9675D602}"
EndProject
Global
	GlobalSection(SolutionConfigurationPlatforms) = preSolution
		Debug|Any CPU = Debug|Any CPU
		Release|Any CPU = Release|Any CPU
	EndGlobalSection
	GlobalSection(ProjectConfigurationPlatforms) = postSolution
		{7EAB4E77-7928-4124-9919-77F2D95F4787}.Debug|Any CPU.ActiveCfg = Debug|Any CPU
		{7EAB4E77-7928-4124-9919-77F2D95F4787}.Debug|Any CPU.Build.0 = Debug|Any CPU
		{7EAB4E77-7928-4124-9919-77F2D95F4787}.Release|Any CPU.ActiveCfg = Release|Any CPU
		{7EAB4E77-7928-4124-9919-77F2D95F4787}.Release|Any CPU.Build.0 = Release|Any CPU
		{49051B3D-B501-4517-8315-1FEA9675D602}.Debug|Any CPU.ActiveCfg = Debug|Any CPU
		{49051B3D-B501-4517-8315-1FEA9675D602}.Debug|Any CPU.Build.0 = Debug|Any CPU
		{49051B3D-B501-4517-8315-1FEA9675D602}.Release|Any CPU.ActiveCfg = Release|Any CPU
		{49051B3D-B501-4517-8315-1FEA9675D602}.Release|Any CPU.Build.0 = Release|Any CPU
	EndGlobalSection
	GlobalSection(SolutionProperties) = preSolution
		HideSolutionNode = FALSE
	EndGlobalSection
EndGlobal
